// !$*UTF8*$!
{
	archiveVersion = 1;
	classes = {
	};
	objectVersion = 77;
	objects = {

/* Begin PBXContainerItemProxy section */
		219BAA252D6DF755001EE827 /* PBXContainerItemProxy */ = {
			isa = PBXContainerItemProxy;
			containerPortal = 219BAA062D6DF754001EE827 /* Project object */;
			proxyType = 1;
			remoteGlobalIDString = 219BAA0D2D6DF754001EE827;
			remoteInfo = List1;
		};
		219BAA2F2D6DF755001EE827 /* PBXContainerItemProxy */ = {
			isa = PBXContainerItemProxy;
			containerPortal = 219BAA062D6DF754001EE827 /* Project object */;
			proxyType = 1;
			remoteGlobalIDString = 219BAA0D2D6DF754001EE827;
			remoteInfo = List1;
		};
/* End PBXContainerItemProxy section */

/* Begin PBXFileReference section */
		219BAA0E2D6DF754001EE827 /* List1.app */ = {isa = PBXFileReference; explicitFileType = wrapper.application; includeInIndex = 0; path = List1.app; sourceTree = BUILT_PRODUCTS_DIR; };
		219BAA242D6DF755001EE827 /* List1Tests.xctest */ = {isa = PBXFileReference; explicitFileType = wrapper.cfbundle; includeInIndex = 0; path = List1Tests.xctest; sourceTree = BUILT_PRODUCTS_DIR; };
		219BAA2E2D6DF755001EE827 /* List1UITests.xctest */ = {isa = PBXFileReference; explicitFileType = wrapper.cfbundle; includeInIndex = 0; path = List1UITests.xctest; sourceTree = BUILT_PRODUCTS_DIR; };
/* End PBXFileReference section */

/* Begin PBXFileSystemSynchronizedBuildFileExceptionSet section */
		219BAA362D6DF756001EE827 /* Exceptions for "List1" folder in "List1" target */ = {
			isa = PBXFileSystemSynchronizedBuildFileExceptionSet;
			membershipExceptions = (
				Info.plist,
			);
			target = 219BAA0D2D6DF754001EE827 /* List1 */;
		};
/* End PBXFileSystemSynchronizedBuildFileExceptionSet section */

/* Begin PBXFileSystemSynchronizedRootGroup section */
		219BAA102D6DF754001EE827 /* List1 */ = {
			isa = PBXFileSystemSynchronizedRootGroup;
			exceptions = (
				219BAA362D6DF756001EE827 /* Exceptions for "List1" folder in "List1" target */,
			);
			path = List1;
			sourceTree = "<group>";
		};
		219BAA272D6DF755001EE827 /* List1Tests */ = {
			isa = PBXFileSystemSynchronizedRootGroup;
			path = List1Tests;
			sourceTree = "<group>";
		};
		219BAA312D6DF755001EE827 /* List1UITests */ = {
			isa = PBXFileSystemSynchronizedRootGroup;
			path = List1UITests;
			sourceTree = "<group>";
		};
/* End PBXFileSystemSynchronizedRootGroup section */

/* Begin PBXFrameworksBuildPhase section */
		219BAA0B2D6DF754001EE827 /* Frameworks */ = {
			isa = PBXFrameworksBuildPhase;
			buildActionMask = 2147483647;
			files = (
			);
			runOnlyForDeploymentPostprocessing = 0;
		};
		219BAA212D6DF755001EE827 /* Frameworks */ = {
			isa = PBXFrameworksBuildPhase;
			buildActionMask = 2147483647;
			files = (
			);
			runOnlyForDeploymentPostprocessing = 0;
		};
		219BAA2B2D6DF755001EE827 /* Frameworks */ = {
			isa = PBXFrameworksBuildPhase;
			buildActionMask = 2147483647;
			files = (
			);
			runOnlyForDeploymentPostprocessing = 0;
		};
/* End PBXFrameworksBuildPhase section */

/* Begin PBXGroup section */
		219BAA052D6DF754001EE827 = {
			isa = PBXGroup;
			children = (
				219BAA102D6DF754001EE827 /* List1 */,
				219BAA272D6DF755001EE827 /* List1Tests */,
				219BAA312D6DF755001EE827 /* List1UITests */,
				219BAA0F2D6DF754001EE827 /* Products */,
			);
			sourceTree = "<group>";
		};
		219BAA0F2D6DF754001EE827 /* Products */ = {
			isa = PBXGroup;
			children = (
				219BAA0E2D6DF754001EE827 /* List1.app */,
				219BAA242D6DF755001EE827 /* List1Tests.xctest */,
				219BAA2E2D6DF755001EE827 /* List1UITests.xctest */,
			);
			name = Products;
			sourceTree = "<group>";
		};
/* End PBXGroup section */

/* Begin PBXNativeTarget section */
		219BAA0D2D6DF754001EE827 /* List1 */ = {
			isa = PBXNativeTarget;
			buildConfigurationList = 219BAA372D6DF756001EE827 /* Build configuration list for PBXNativeTarget "List1" */;
			buildPhases = (
				219BAA0A2D6DF754001EE827 /* Sources */,
				219BAA0B2D6DF754001EE827 /* Frameworks */,
				219BAA0C2D6DF754001EE827 /* Resources */,
			);
			buildRules = (
			);
			dependencies = (
			);
			fileSystemSynchronizedGroups = (
				219BAA102D6DF754001EE827 /* List1 */,
			);
			name = List1;
			packageProductDependencies = (
			);
			productName = List1;
			productReference = 219BAA0E2D6DF754001EE827 /* List1.app */;
			productType = "com.apple.product-type.application";
		};
		219BAA232D6DF755001EE827 /* List1Tests */ = {
			isa = PBXNativeTarget;
			buildConfigurationList = 219BAA3C2D6DF756001EE827 /* Build configuration list for PBXNativeTarget "List1Tests" */;
			buildPhases = (
				219BAA202D6DF755001EE827 /* Sources */,
				219BAA212D6DF755001EE827 /* Frameworks */,
				219BAA222D6DF755001EE827 /* Resources */,
			);
			buildRules = (
			);
			dependencies = (
				219BAA262D6DF755001EE827 /* PBXTargetDependency */,
			);
			fileSystemSynchronizedGroups = (
				219BAA272D6DF755001EE827 /* List1Tests */,
			);
			name = List1Tests;
			packageProductDependencies = (
			);
			productName = List1Tests;
			productReference = 219BAA242D6DF755001EE827 /* List1Tests.xctest */;
			productType = "com.apple.product-type.bundle.unit-test";
		};
		219BAA2D2D6DF755001EE827 /* List1UITests */ = {
			isa = PBXNativeTarget;
			buildConfigurationList = 219BAA3F2D6DF756001EE827 /* Build configuration list for PBXNativeTarget "List1UITests" */;
			buildPhases = (
				219BAA2A2D6DF755001EE827 /* Sources */,
				219BAA2B2D6DF755001EE827 /* Frameworks */,
				219BAA2C2D6DF755001EE827 /* Resources */,
			);
			buildRules = (
			);
			dependencies = (
				219BAA302D6DF755001EE827 /* PBXTargetDependency */,
			);
			fileSystemSynchronizedGroups = (
				219BAA312D6DF755001EE827 /* List1UITests */,
			);
			name = List1UITests;
			packageProductDependencies = (
			);
			productName = List1UITests;
			productReference = 219BAA2E2D6DF755001EE827 /* List1UITests.xctest */;
			productType = "com.apple.product-type.bundle.ui-testing";
		};
/* End PBXNativeTarget section */

/* Begin PBXProject section */
		219BAA062D6DF754001EE827 /* Project object */ = {
			isa = PBXProject;
			attributes = {
				BuildIndependentTargetsInParallel = 1;
				LastSwiftUpdateCheck = 1620;
				LastUpgradeCheck = 1620;
				TargetAttributes = {
					219BAA0D2D6DF754001EE827 = {
						CreatedOnToolsVersion = 16.2;
					};
					219BAA232D6DF755001EE827 = {
						CreatedOnToolsVersion = 16.2;
						TestTargetID = 219BAA0D2D6DF754001EE827;
					};
					219BAA2D2D6DF755001EE827 = {
						CreatedOnToolsVersion = 16.2;
						TestTargetID = 219BAA0D2D6DF754001EE827;
					};
				};
			};
			buildConfigurationList = 219BAA092D6DF754001EE827 /* Build configuration list for PBXProject "List1" */;
			developmentRegion = en;
			hasScannedForEncodings = 0;
			knownRegions = (
				en,
				Base,
			);
			mainGroup = 219BAA052D6DF754001EE827;
			minimizedProjectReferenceProxies = 1;
			preferredProjectObjectVersion = 77;
			productRefGroup = 219BAA0F2D6DF754001EE827 /* Products */;
			projectDirPath = "";
			projectRoot = "";
			targets = (
				219BAA0D2D6DF754001EE827 /* List1 */,
				219BAA232D6DF755001EE827 /* List1Tests */,
				219BAA2D2D6DF755001EE827 /* List1UITests */,
			);
		};
/* End PBXProject section */

/* Begin PBXResourcesBuildPhase section */
		219BAA0C2D6DF754001EE827 /* Resources */ = {
			isa = PBXResourcesBuildPhase;
			buildActionMask = 2147483647;
			files = (
			);
			runOnlyForDeploymentPostprocessing = 0;
		};
		219BAA222D6DF755001EE827 /* Resources */ = {
			isa = PBXResourcesBuildPhase;
			buildActionMask = 2147483647;
			files = (
			);
			runOnlyForDeploymentPostprocessing = 0;
		};
		219BAA2C2D6DF755001EE827 /* Resources */ = {
			isa = PBXResourcesBuildPhase;
			buildActionMask = 2147483647;
			files = (
			);
			runOnlyForDeploymentPostprocessing = 0;
		};
/* End PBXResourcesBuildPhase section */

/* Begin PBXSourcesBuildPhase section */
		219BAA0A2D6DF754001EE827 /* Sources */ = {
			isa = PBXSourcesBuildPhase;
			buildActionMask = 2147483647;
			files = (
			);
			runOnlyForDeploymentPostprocessing = 0;
		};
		219BAA202D6DF755001EE827 /* Sources */ = {
			isa = PBXSourcesBuildPhase;
			buildActionMask = 2147483647;
			files = (
			);
			runOnlyForDeploymentPostprocessing = 0;
		};
		219BAA2A2D6DF755001EE827 /* Sources */ = {
			isa = PBXSourcesBuildPhase;
			buildActionMask = 2147483647;
			files = (
			);
			runOnlyForDeploymentPostprocessing = 0;
		};
/* End PBXSourcesBuildPhase section */

/* Begin PBXTargetDependency section */
		219BAA262D6DF755001EE827 /* PBXTargetDependency */ = {
			isa = PBXTargetDependency;
			target = 219BAA0D2D6DF754001EE827 /* List1 */;
			targetProxy = 219BAA252D6DF755001EE827 /* PBXContainerItemProxy */;
		};
		219BAA302D6DF755001EE827 /* PBXTargetDependency */ = {
			isa = PBXTargetDependency;
			target = 219BAA0D2D6DF754001EE827 /* List1 */;
			targetProxy = 219BAA2F2D6DF755001EE827 /* PBXContainerItemProxy */;
		};
/* End PBXTargetDependency section */

/* Begin XCBuildConfiguration section */
		219BAA382D6DF756001EE827 /* Debug */ = {
			isa = XCBuildConfiguration;
			buildSettings = {
				ASSETCATALOG_COMPILER_APPICON_NAME = AppIcon;
				ASSETCATALOG_COMPILER_GLOBAL_ACCENT_COLOR_NAME = AccentColor;
				CODE_SIGN_STYLE = Automatic;
				CURRENT_PROJECT_VERSION = 1;
				GENERATE_INFOPLIST_FILE = YES;
				INFOPLIST_FILE = List1/Info.plist;
				INFOPLIST_KEY_UIApplicationSupportsIndirectInputEvents = YES;
				INFOPLIST_KEY_UILaunchStoryboardName = LaunchScreen;
				INFOPLIST_KEY_UIMainStoryboardFile = Main;
				INFOPLIST_KEY_UISupportedInterfaceOrientations_iPad = "UIInterfaceOrientationPortrait UIInterfaceOrientationPortraitUpsideDown UIInterfaceOrientationLandscapeLeft UIInterfaceOrientationLandscapeRight";
				INFOPLIST_KEY_UISupportedInterfaceOrientations_iPhone = "UIInterfaceOrientationPortrait UIInterfaceOrientationLandscapeLeft UIInterfaceOrientationLandscapeRight";
				LD_RUNPATH_SEARCH_PATHS = (
					"$(inherited)",
					"@executable_path/Frameworks",
				);
				MARKETING_VERSION = 1.0;
				PRODUCT_BUNDLE_IDENTIFIER = devillecloud.List1;
				PRODUCT_NAME = "$(TARGET_NAME)";
				SWIFT_EMIT_LOC_STRINGS = YES;
				SWIFT_VERSION = 5.0;
				TARGETED_DEVICE_FAMILY = "1,2";
			};
			name = Debug;
		};
		219BAA392D6DF756001EE827 /* Release */ = {
			isa = XCBuildConfiguration;
			buildSettings = {
				ASSETCATALOG_COMPILER_APPICON_NAME = AppIcon;
				ASSETCATALOG_COMPILER_GLOBAL_ACCENT_COLOR_NAME = AccentColor;
				CODE_SIGN_STYLE = Automatic;
				CURRENT_PROJECT_VERSION = 1;
				GENERATE_INFOPLIST_FILE = YES;
				INFOPLIST_FILE = List1/Info.plist;
				INFOPLIST_KEY_UIApplicationSupportsIndirectInputEvents = YES;
				INFOPLIST_KEY_UILaunchStoryboardName = LaunchScreen;
				INFOPLIST_KEY_UIMainStoryboardFile = Main;
				INFOPLIST_KEY_UISupportedInterfaceOrientations_iPad = "UIInterfaceOrientationPortrait UIInterfaceOrientationPortraitUpsideDown UIInterfaceOrientationLandscapeLeft UIInterfaceOrientationLandscapeRight";
				INFOPLIST_KEY_UISupportedInterfaceOrientations_iPhone = "UIInterfaceOrientationPortrait UIInterfaceOrientationLandscapeLeft UIInterfaceOrientationLandscapeRight";
				LD_RUNPATH_SEARCH_PATHS = (
					"$(inherited)",
					"@executable_path/Frameworks",
				);
				MARKETING_VERSION = 1.0;
				PRODUCT_BUNDLE_IDENTIFIER = devillecloud.List1;
				PRODUCT_NAME = "$(TARGET_NAME)";
				SWIFT_EMIT_LOC_STRINGS = YES;
				SWIFT_VERSION = 5.0;
				TARGETED_DEVICE_FAMILY = "1,2";
			};
			name = Release;
		};
		219BAA3A2D6DF756001EE827 /* Debug */ = {
			isa = XCBuildConfiguration;
			buildSettings = {
				ALWAYS_SEARCH_USER_PATHS = NO;
				ASSETCATALOG_COMPILER_GENERATE_SWIFT_ASSET_SYMBOL_EXTENSIONS = YES;
				CLANG_ANALYZER_NONNULL = YES;
				CLANG_ANALYZER_NUMBER_OBJECT_CONVERSION = YES_AGGRESSIVE;
				CLANG_CXX_LANGUAGE_STANDARD = "gnu++20";
				CLANG_ENABLE_MODULES = YES;
				CLANG_ENABLE_OBJC_ARC = YES;
				CLANG_ENABLE_OBJC_WEAK = YES;
				CLANG_WARN_BLOCK_CAPTURE_AUTORELEASING = YES;
				CLANG_WARN_BOOL_CONVERSION = YES;
				CLANG_WARN_COMMA = YES;
				CLANG_WARN_CONSTANT_CONVERSION = YES;
				CLANG_WARN_DEPRECATED_OBJC_IMPLEMENTATIONS = YES;
				CLANG_WARN_DIRECT_OBJC_ISA_USAGE = YES_ERROR;
				CLANG_WARN_DOCUMENTATION_COMMENTS = YES;
				CLANG_WARN_EMPTY_BODY = YES;
				CLANG_WARN_ENUM_CONVERSION = YES;
				CLANG_WARN_INFINITE_RECURSION = YES;
				CLANG_WARN_INT_CONVERSION = YES;
				CLANG_WARN_NON_LITERAL_NULL_CONVERSION = YES;
				CLANG_WARN_OBJC_IMPLICIT_RETAIN_SELF = YES;
				CLANG_WARN_OBJC_LITERAL_CONVERSION = YES;
				CLANG_WARN_OBJC_ROOT_CLASS = YES_ERROR;
				CLANG_WARN_QUOTED_INCLUDE_IN_FRAMEWORK_HEADER = YES;
				CLANG_WARN_RANGE_LOOP_ANALYSIS = YES;
				CLANG_WARN_STRICT_PROTOTYPES = YES;
				CLANG_WARN_SUSPICIOUS_MOVE = YES;
				CLANG_WARN_UNGUARDED_AVAILABILITY = YES_AGGRESSIVE;
				CLANG_WARN_UNREACHABLE_CODE = YES;
				CLANG_WARN__DUPLICATE_METHOD_MATCH = YES;
				COPY_PHASE_STRIP = NO;
				DEBUG_INFORMATION_FORMAT = dwarf;
				ENABLE_STRICT_OBJC_MSGSEND = YES;
				ENABLE_TESTABILITY = YES;
				ENABLE_USER_SCRIPT_SANDBOXING = YES;
				GCC_C_LANGUAGE_STANDARD = gnu17;
				GCC_DYNAMIC_NO_PIC = NO;
				GCC_NO_COMMON_BLOCKS = YES;
				GCC_OPTIMIZATION_LEVEL = 0;
				GCC_PREPROCESSOR_DEFINITIONS = (
					"DEBUG=1",
					"$(inherited)",
				);
				GCC_WARN_64_TO_32_BIT_CONVERSION = YES;
				GCC_WARN_ABOUT_RETURN_TYPE = YES_ERROR;
				GCC_WARN_UNDECLARED_SELECTOR = YES;
				GCC_WARN_UNINITIALIZED_AUTOS = YES_AGGRESSIVE;
				GCC_WARN_UNUSED_FUNCTION = YES;
				GCC_WARN_UNUSED_VARIABLE = YES;
				IPHONEOS_DEPLOYMENT_TARGET = 18.2;
				LOCALIZATION_PREFERS_STRING_CATALOGS = YES;
				MTL_ENABLE_DEBUG_INFO = INCLUDE_SOURCE;
				MTL_FAST_MATH = YES;
				ONLY_ACTIVE_ARCH = YES;
				SDKROOT = iphoneos;
				SWIFT_ACTIVE_COMPILATION_CONDITIONS = "DEBUG $(inherited)";
				SWIFT_OPTIMIZATION_LEVEL = "-Onone";
			};
			name = Debug;
		};
		219BAA3B2D6DF756001EE827 /* Release */ = {
			isa = XCBuildConfiguration;
			buildSettings = {
				ALWAYS_SEARCH_USER_PATHS = NO;
				ASSETCATALOG_COMPILER_GENERATE_SWIFT_ASSET_SYMBOL_EXTENSIONS = YES;
				CLANG_ANALYZER_NONNULL = YES;
				CLANG_ANALYZER_NUMBER_OBJECT_CONVERSION = YES_AGGRESSIVE;
				CLANG_CXX_LANGUAGE_STANDARD = "gnu++20";
				CLANG_ENABLE_MODULES = YES;
				CLANG_ENABLE_OBJC_ARC = YES;
				CLANG_ENABLE_OBJC_WEAK = YES;
				CLANG_WARN_BLOCK_CAPTURE_AUTORELEASING = YES;
				CLANG_WARN_BOOL_CONVERSION = YES;
				CLANG_WARN_COMMA = YES;
				CLANG_WARN_CONSTANT_CONVERSION = YES;
				CLANG_WARN_DEPRECATED_OBJC_IMPLEMENTATIONS = YES;
				CLANG_WARN_DIRECT_OBJC_ISA_USAGE = YES_ERROR;
				CLANG_WARN_DOCUMENTATION_COMMENTS = YES;
				CLANG_WARN_EMPTY_BODY = YES;
				CLANG_WARN_ENUM_CONVERSION = YES;
				CLANG_WARN_INFINITE_RECURSION = YES;
				CLANG_WARN_INT_CONVERSION = YES;
				CLANG_WARN_NON_LITERAL_NULL_CONVERSION = YES;
				CLANG_WARN_OBJC_IMPLICIT_RETAIN_SELF = YES;
				CLANG_WARN_OBJC_LITERAL_CONVERSION = YES;
				CLANG_WARN_OBJC_ROOT_CLASS = YES_ERROR;
				CLANG_WARN_QUOTED_INCLUDE_IN_FRAMEWORK_HEADER = YES;
				CLANG_WARN_RANGE_LOOP_ANALYSIS = YES;
				CLANG_WARN_STRICT_PROTOTYPES = YES;
				CLANG_WARN_SUSPICIOUS_MOVE = YES;
				CLANG_WARN_UNGUARDED_AVAILABILITY = YES_AGGRESSIVE;
				CLANG_WARN_UNREACHABLE_CODE = YES;
				CLANG_WARN__DUPLICATE_METHOD_MATCH = YES;
				COPY_PHASE_STRIP = NO;
				DEBUG_INFORMATION_FORMAT = "dwarf-with-dsym";
				ENABLE_NS_ASSERTIONS = NO;
				ENABLE_STRICT_OBJC_MSGSEND = YES;
				ENABLE_USER_SCRIPT_SANDBOXING = YES;
				GCC_C_LANGUAGE_STANDARD = gnu17;
				GCC_NO_COMMON_BLOCKS = YES;
				GCC_WARN_64_TO_32_BIT_CONVERSION = YES;
				GCC_WARN_ABOUT_RETURN_TYPE = YES_ERROR;
				GCC_WARN_UNDECLARED_SELECTOR = YES;
				GCC_WARN_UNINITIALIZED_AUTOS = YES_AGGRESSIVE;
				GCC_WARN_UNUSED_FUNCTION = YES;
				GCC_WARN_UNUSED_VARIABLE = YES;
				IPHONEOS_DEPLOYMENT_TARGET = 18.2;
				LOCALIZATION_PREFERS_STRING_CATALOGS = YES;
				MTL_ENABLE_DEBUG_INFO = NO;
				MTL_FAST_MATH = YES;
				SDKROOT = iphoneos;
				SWIFT_COMPILATION_MODE = wholemodule;
				VALIDATE_PRODUCT = YES;
			};
			name = Release;
		};
		219BAA3D2D6DF756001EE827 /* Debug */ = {
			isa = XCBuildConfiguration;
			buildSettings = {
				BUNDLE_LOADER = "$(TEST_HOST)";
				CODE_SIGN_STYLE = Automatic;
				CURRENT_PROJECT_VERSION = 1;
				GENERATE_INFOPLIST_FILE = YES;
				IPHONEOS_DEPLOYMENT_TARGET = 18.2;
				MARKETING_VERSION = 1.0;
				PRODUCT_BUNDLE_IDENTIFIER = devillecloud.List1Tests;
				PRODUCT_NAME = "$(TARGET_NAME)";
				SWIFT_EMIT_LOC_STRINGS = NO;
				SWIFT_VERSION = 5.0;
				TARGETED_DEVICE_FAMILY = "1,2";
				TEST_HOST = "$(BUILT_PRODUCTS_DIR)/List1.app/$(BUNDLE_EXECUTABLE_FOLDER_PATH)/List1";
			};
			name = Debug;
		};
		219BAA3E2D6DF756001EE827 /* Release */ = {
			isa = XCBuildConfiguration;
			buildSettings = {
				BUNDLE_LOADER = "$(TEST_HOST)";
				CODE_SIGN_STYLE = Automatic;
				CURRENT_PROJECT_VERSION = 1;
				GENERATE_INFOPLIST_FILE = YES;
				IPHONEOS_DEPLOYMENT_TARGET = 18.2;
				MARKETING_VERSION = 1.0;
				PRODUCT_BUNDLE_IDENTIFIER = devillecloud.List1Tests;
				PRODUCT_NAME = "$(TARGET_NAME)";
				SWIFT_EMIT_LOC_STRINGS = NO;
				SWIFT_VERSION = 5.0;
				TARGETED_DEVICE_FAMILY = "1,2";
				TEST_HOST = "$(BUILT_PRODUCTS_DIR)/List1.app/$(BUNDLE_EXECUTABLE_FOLDER_PATH)/List1";
			};
			name = Release;
		};
		219BAA402D6DF756001EE827 /* Debug */ = {
			isa = XCBuildConfiguration;
			buildSettings = {
				CODE_SIGN_STYLE = Automatic;
				CURRENT_PROJECT_VERSION = 1;
				GENERATE_INFOPLIST_FILE = YES;
				MARKETING_VERSION = 1.0;
				PRODUCT_BUNDLE_IDENTIFIER = devillecloud.List1UITests;
				PRODUCT_NAME = "$(TARGET_NAME)";
				SWIFT_EMIT_LOC_STRINGS = NO;
				SWIFT_VERSION = 5.0;
				TARGETED_DEVICE_FAMILY = "1,2";
				TEST_TARGET_NAME = List1;
			};
			name = Debug;
		};
		219BAA412D6DF756001EE827 /* Release */ = {
			isa = XCBuildConfiguration;
			buildSettings = {
				CODE_SIGN_STYLE = Automatic;
				CURRENT_PROJECT_VERSION = 1;
				GENERATE_INFOPLIST_FILE = YES;
				MARKETING_VERSION = 1.0;
				PRODUCT_BUNDLE_IDENTIFIER = devillecloud.List1UITests;
				PRODUCT_NAME = "$(TARGET_NAME)";
				SWIFT_EMIT_LOC_STRINGS = NO;
				SWIFT_VERSION = 5.0;
				TARGETED_DEVICE_FAMILY = "1,2";
				TEST_TARGET_NAME = List1;
			};
			name = Release;
		};
/* End XCBuildConfiguration section */

/* Begin XCConfigurationList section */
		219BAA092D6DF754001EE827 /* Build configuration list for PBXProject "List1" */ = {
			isa = XCConfigurationList;
			buildConfigurations = (
				219BAA3A2D6DF756001EE827 /* Debug */,
				219BAA3B2D6DF756001EE827 /* Release */,
			);
			defaultConfigurationIsVisible = 0;
			defaultConfigurationName = Release;
		};
		219BAA372D6DF756001EE827 /* Build configuration list for PBXNativeTarget "List1" */ = {
			isa = XCConfigurationList;
			buildConfigurations = (
				219BAA382D6DF756001EE827 /* Debug */,
				219BAA392D6DF756001EE827 /* Release */,
			);
			defaultConfigurationIsVisible = 0;
			defaultConfigurationName = Release;
		};
		219BAA3C2D6DF756001EE827 /* Build configuration list for PBXNativeTarget "List1Tests" */ = {
			isa = XCConfigurationList;
			buildConfigurations = (
				219BAA3D2D6DF756001EE827 /* Debug */,
				219BAA3E2D6DF756001EE827 /* Release */,
			);
			defaultConfigurationIsVisible = 0;
			defaultConfigurationName = Release;
		};
		219BAA3F2D6DF756001EE827 /* Build configuration list for PBXNativeTarget "List1UITests" */ = {
			isa = XCConfigurationList;
			buildConfigurations = (
				219BAA402D6DF756001EE827 /* Debug */,
				219BAA412D6DF756001EE827 /* Release */,
			);
			defaultConfigurationIsVisible = 0;
			defaultConfigurationName = Release;
		};
/* End XCConfigurationList section */
	};
	rootObject = 219BAA062D6DF754001EE827 /* Project object */;
}
